// !$*UTF8*$!
{
	archiveVersion = 1;
	classes = {
	};
	objectVersion = 56;
	objects = {

/* Begin PBXBuildFile section */
		830E0D1A2B694B7100D7B3B0 /* AppDelegate.swift in Sources */ = {isa = PBXBuildFile; fileRef = 830E0D192B694B7100D7B3B0 /* AppDelegate.swift */; };
		830E0D1C2B694B7100D7B3B0 /* SceneDelegate.swift in Sources */ = {isa = PBXBuildFile; fileRef = 830E0D1B2B694B7100D7B3B0 /* SceneDelegate.swift */; };
		830E0D1E2B694B7100D7B3B0 /* TaskViewController.swift in Sources */ = {isa = PBXBuildFile; fileRef = 830E0D1D2B694B7100D7B3B0 /* TaskViewController.swift */; };
		830E0D212B694B7100D7B3B0 /* Main.storyboard in Resources */ = {isa = PBXBuildFile; fileRef = 830E0D1F2B694B7100D7B3B0 /* Main.storyboard */; };
		830E0D232B694B7300D7B3B0 /* Assets.xcassets in Resources */ = {isa = PBXBuildFile; fileRef = 830E0D222B694B7300D7B3B0 /* Assets.xcassets */; };
		830E0D262B694B7300D7B3B0 /* LaunchScreen.storyboard in Resources */ = {isa = PBXBuildFile; fileRef = 830E0D242B694B7300D7B3B0 /* LaunchScreen.storyboard */; };
		83E0741D2B6AB8AB00E213FF /* TaskListTableViewCell.swift in Sources */ = {isa = PBXBuildFile; fileRef = 83E0741C2B6AB8AB00E213FF /* TaskListTableViewCell.swift */; };
		83E074212B6AC1DD00E213FF /* CompletedTaskTableViewCell.swift in Sources */ = {isa = PBXBuildFile; fileRef = 83E074202B6AC1DD00E213FF /* CompletedTaskTableViewCell.swift */; };
		83E074232B6AC1EF00E213FF /* CompletedViewController.swift in Sources */ = {isa = PBXBuildFile; fileRef = 83E074222B6AC1EF00E213FF /* CompletedViewController.swift */; };
		83E074252B6AC46700E213FF /* AddTaskViewController.swift in Sources */ = {isa = PBXBuildFile; fileRef = 83E074242B6AC46700E213FF /* AddTaskViewController.swift */; };
		83E074282B6AC4B900E213FF /* SettingViewController.swift in Sources */ = {isa = PBXBuildFile; fileRef = 83E074272B6AC4B900E213FF /* SettingViewController.swift */; };
		83E0742A2B6AC4CD00E213FF /* ProfileViewController.swift in Sources */ = {isa = PBXBuildFile; fileRef = 83E074292B6AC4CD00E213FF /* ProfileViewController.swift */; };
/* End PBXBuildFile section */

/* Begin PBXFileReference section */
		830E0D162B694B7100D7B3B0 /* QuickTasks.app */ = {isa = PBXFileReference; explicitFileType = wrapper.application; includeInIndex = 0; path = QuickTasks.app; sourceTree = BUILT_PRODUCTS_DIR; };
		830E0D192B694B7100D7B3B0 /* AppDelegate.swift */ = {isa = PBXFileReference; lastKnownFileType = sourcecode.swift; path = AppDelegate.swift; sourceTree = "<group>"; };
		830E0D1B2B694B7100D7B3B0 /* SceneDelegate.swift */ = {isa = PBXFileReference; lastKnownFileType = sourcecode.swift; path = SceneDelegate.swift; sourceTree = "<group>"; };
		830E0D1D2B694B7100D7B3B0 /* TaskViewController.swift */ = {isa = PBXFileReference; lastKnownFileType = sourcecode.swift; path = TaskViewController.swift; sourceTree = "<group>"; };
		830E0D202B694B7100D7B3B0 /* Base */ = {isa = PBXFileReference; lastKnownFileType = file.storyboard; name = Base; path = Base.lproj/Main.storyboard; sourceTree = "<group>"; };
		830E0D222B694B7300D7B3B0 /* Assets.xcassets */ = {isa = PBXFileReference; lastKnownFileType = folder.assetcatalog; path = Assets.xcassets; sourceTree = "<group>"; };
		830E0D252B694B7300D7B3B0 /* Base */ = {isa = PBXFileReference; lastKnownFileType = file.storyboard; name = Base; path = Base.lproj/LaunchScreen.storyboard; sourceTree = "<group>"; };
		830E0D272B694B7300D7B3B0 /* Info.plist */ = {isa = PBXFileReference; lastKnownFileType = text.plist.xml; path = Info.plist; sourceTree = "<group>"; };
		83E0741C2B6AB8AB00E213FF /* TaskListTableViewCell.swift */ = {isa = PBXFileReference; lastKnownFileType = sourcecode.swift; path = TaskListTableViewCell.swift; sourceTree = "<group>"; };
		83E074202B6AC1DD00E213FF /* CompletedTaskTableViewCell.swift */ = {isa = PBXFileReference; lastKnownFileType = sourcecode.swift; path = CompletedTaskTableViewCell.swift; sourceTree = "<group>"; };
		83E074222B6AC1EF00E213FF /* CompletedViewController.swift */ = {isa = PBXFileReference; lastKnownFileType = sourcecode.swift; path = CompletedViewController.swift; sourceTree = "<group>"; };
		83E074242B6AC46700E213FF /* AddTaskViewController.swift */ = {isa = PBXFileReference; lastKnownFileType = sourcecode.swift; path = AddTaskViewController.swift; sourceTree = "<group>"; };
		83E074272B6AC4B900E213FF /* SettingViewController.swift */ = {isa = PBXFileReference; lastKnownFileType = sourcecode.swift; path = SettingViewController.swift; sourceTree = "<group>"; };
		83E074292B6AC4CD00E213FF /* ProfileViewController.swift */ = {isa = PBXFileReference; lastKnownFileType = sourcecode.swift; path = ProfileViewController.swift; sourceTree = "<group>"; };
/* End PBXFileReference section */

/* Begin PBXFrameworksBuildPhase section */
		830E0D132B694B7100D7B3B0 /* Frameworks */ = {
			isa = PBXFrameworksBuildPhase;
			buildActionMask = 2147483647;
			files = (
			);
			runOnlyForDeploymentPostprocessing = 0;
		};
/* End PBXFrameworksBuildPhase section */

/* Begin PBXGroup section */
		830E0D0D2B694B7100D7B3B0 = {
			isa = PBXGroup;
			children = (
				830E0D182B694B7100D7B3B0 /* QuickTasks */,
				830E0D172B694B7100D7B3B0 /* Products */,
			);
			sourceTree = "<group>";
		};
		830E0D172B694B7100D7B3B0 /* Products */ = {
			isa = PBXGroup;
			children = (
				830E0D162B694B7100D7B3B0 /* QuickTasks.app */,
			);
			name = Products;
			sourceTree = "<group>";
		};
		830E0D182B694B7100D7B3B0 /* QuickTasks */ = {
			isa = PBXGroup;
			children = (
				830E0D192B694B7100D7B3B0 /* AppDelegate.swift */,
				830E0D1B2B694B7100D7B3B0 /* SceneDelegate.swift */,
				83E0741F2B6AC1BB00E213FF /* Task List */,
				83E0741E2B6AC1A800E213FF /* Completed Task */,
				83E074262B6AC4A300E213FF /* Profile */,
				830E0D1F2B694B7100D7B3B0 /* Main.storyboard */,
				830E0D222B694B7300D7B3B0 /* Assets.xcassets */,
				830E0D242B694B7300D7B3B0 /* LaunchScreen.storyboard */,
				830E0D272B694B7300D7B3B0 /* Info.plist */,
			);
			path = QuickTasks;
			sourceTree = "<group>";
		};
		83E0741E2B6AC1A800E213FF /* Completed Task */ = {
			isa = PBXGroup;
			children = (
				83E074222B6AC1EF00E213FF /* CompletedViewController.swift */,
				83E074202B6AC1DD00E213FF /* CompletedTaskTableViewCell.swift */,
			);
			path = "Completed Task";
			sourceTree = "<group>";
		};
		83E0741F2B6AC1BB00E213FF /* Task List */ = {
			isa = PBXGroup;
			children = (
				830E0D1D2B694B7100D7B3B0 /* TaskViewController.swift */,
				83E0741C2B6AB8AB00E213FF /* TaskListTableViewCell.swift */,
				83E074242B6AC46700E213FF /* AddTaskViewController.swift */,
			);
			path = "Task List";
			sourceTree = "<group>";
		};
		83E074262B6AC4A300E213FF /* Profile */ = {
			isa = PBXGroup;
			children = (
				83E074292B6AC4CD00E213FF /* ProfileViewController.swift */,
				83E074272B6AC4B900E213FF /* SettingViewController.swift */,
			);
			path = Profile;
			sourceTree = "<group>";
		};
/* End PBXGroup section */

/* Begin PBXNativeTarget section */
		830E0D152B694B7100D7B3B0 /* QuickTasks */ = {
			isa = PBXNativeTarget;
			buildConfigurationList = 830E0D2A2B694B7300D7B3B0 /* Build configuration list for PBXNativeTarget "QuickTasks" */;
			buildPhases = (
				830E0D122B694B7100D7B3B0 /* Sources */,
				830E0D132B694B7100D7B3B0 /* Frameworks */,
				830E0D142B694B7100D7B3B0 /* Resources */,
			);
			buildRules = (
			);
			dependencies = (
			);
			name = QuickTasks;
			productName = QuickTasks;
			productReference = 830E0D162B694B7100D7B3B0 /* QuickTasks.app */;
			productType = "com.apple.product-type.application";
		};
/* End PBXNativeTarget section */

/* Begin PBXProject section */
		830E0D0E2B694B7100D7B3B0 /* Project object */ = {
			isa = PBXProject;
			attributes = {
				BuildIndependentTargetsInParallel = 1;
				LastSwiftUpdateCheck = 1520;
				LastUpgradeCheck = 1520;
				TargetAttributes = {
					830E0D152B694B7100D7B3B0 = {
						CreatedOnToolsVersion = 15.2;
					};
				};
			};
			buildConfigurationList = 830E0D112B694B7100D7B3B0 /* Build configuration list for PBXProject "QuickTasks" */;
			compatibilityVersion = "Xcode 14.0";
			developmentRegion = en;
			hasScannedForEncodings = 0;
			knownRegions = (
				en,
				Base,
			);
			mainGroup = 830E0D0D2B694B7100D7B3B0;
			productRefGroup = 830E0D172B694B7100D7B3B0 /* Products */;
			projectDirPath = "";
			projectRoot = "";
			targets = (
				830E0D152B694B7100D7B3B0 /* QuickTasks */,
			);
		};
/* End PBXProject section */

/* Begin PBXResourcesBuildPhase section */
		830E0D142B694B7100D7B3B0 /* Resources */ = {
			isa = PBXResourcesBuildPhase;
			buildActionMask = 2147483647;
			files = (
				830E0D262B694B7300D7B3B0 /* LaunchScreen.storyboard in Resources */,
				830E0D232B694B7300D7B3B0 /* Assets.xcassets in Resources */,
				830E0D212B694B7100D7B3B0 /* Main.storyboard in Resources */,
			);
			runOnlyForDeploymentPostprocessing = 0;
		};
/* End PBXResourcesBuildPhase section */

/* Begin PBXSourcesBuildPhase section */
		830E0D122B694B7100D7B3B0 /* Sources */ = {
			isa = PBXSourcesBuildPhase;
			buildActionMask = 2147483647;
			files = (
				83E074232B6AC1EF00E213FF /* CompletedViewController.swift in Sources */,
				83E0741D2B6AB8AB00E213FF /* TaskListTableViewCell.swift in Sources */,
				830E0D1E2B694B7100D7B3B0 /* TaskViewController.swift in Sources */,
				83E074282B6AC4B900E213FF /* SettingViewController.swift in Sources */,
				83E074212B6AC1DD00E213FF /* CompletedTaskTableViewCell.swift in Sources */,
				830E0D1A2B694B7100D7B3B0 /* AppDelegate.swift in Sources */,
				83E0742A2B6AC4CD00E213FF /* ProfileViewController.swift in Sources */,
				830E0D1C2B694B7100D7B3B0 /* SceneDelegate.swift in Sources */,
				83E074252B6AC46700E213FF /* AddTaskViewController.swift in Sources */,
			);
			runOnlyForDeploymentPostprocessing = 0;
		};
/* End PBXSourcesBuildPhase section */

/* Begin PBXVariantGroup section */
		830E0D1F2B694B7100D7B3B0 /* Main.storyboard */ = {
			isa = PBXVariantGroup;
			children = (
				830E0D202B694B7100D7B3B0 /* Base */,
			);
			name = Main.storyboard;
			sourceTree = "<group>";
		};
		830E0D242B694B7300D7B3B0 /* LaunchScreen.storyboard */ = {
			isa = PBXVariantGroup;
			children = (
				830E0D252B694B7300D7B3B0 /* Base */,
			);
			name = LaunchScreen.storyboard;
			sourceTree = "<group>";
		};
/* End PBXVariantGroup section */

/* Begin XCBuildConfiguration section */
		830E0D282B694B7300D7B3B0 /* Debug */ = {
			isa = XCBuildConfiguration;
			buildSettings = {
				ALWAYS_SEARCH_USER_PATHS = NO;
				ASSETCATALOG_COMPILER_GENERATE_SWIFT_ASSET_SYMBOL_EXTENSIONS = YES;
				CLANG_ANALYZER_NONNULL = YES;
				CLANG_ANALYZER_NUMBER_OBJECT_CONVERSION = YES_AGGRESSIVE;
				CLANG_CXX_LANGUAGE_STANDARD = "gnu++20";
				CLANG_ENABLE_MODULES = YES;
				CLANG_ENABLE_OBJC_ARC = YES;
				CLANG_ENABLE_OBJC_WEAK = YES;
				CLANG_WARN_BLOCK_CAPTURE_AUTORELEASING = YES;
				CLANG_WARN_BOOL_CONVERSION = YES;
				CLANG_WARN_COMMA = YES;
				CLANG_WARN_CONSTANT_CONVERSION = YES;
				CLANG_WARN_DEPRECATED_OBJC_IMPLEMENTATIONS = YES;
				CLANG_WARN_DIRECT_OBJC_ISA_USAGE = YES_ERROR;
				CLANG_WARN_DOCUMENTATION_COMMENTS = YES;
				CLANG_WARN_EMPTY_BODY = YES;
				CLANG_WARN_ENUM_CONVERSION = YES;
				CLANG_WARN_INFINITE_RECURSION = YES;
				CLANG_WARN_INT_CONVERSION = YES;
				CLANG_WARN_NON_LITERAL_NULL_CONVERSION = YES;
				CLANG_WARN_OBJC_IMPLICIT_RETAIN_SELF = YES;
				CLANG_WARN_OBJC_LITERAL_CONVERSION = YES;
				CLANG_WARN_OBJC_ROOT_CLASS = YES_ERROR;
				CLANG_WARN_QUOTED_INCLUDE_IN_FRAMEWORK_HEADER = YES;
				CLANG_WARN_RANGE_LOOP_ANALYSIS = YES;
				CLANG_WARN_STRICT_PROTOTYPES = YES;
				CLANG_WARN_SUSPICIOUS_MOVE = YES;
				CLANG_WARN_UNGUARDED_AVAILABILITY = YES_AGGRESSIVE;
				CLANG_WARN_UNREACHABLE_CODE = YES;
				CLANG_WARN__DUPLICATE_METHOD_MATCH = YES;
				COPY_PHASE_STRIP = NO;
				DEBUG_INFORMATION_FORMAT = dwarf;
				ENABLE_STRICT_OBJC_MSGSEND = YES;
				ENABLE_TESTABILITY = YES;
				ENABLE_USER_SCRIPT_SANDBOXING = YES;
				GCC_C_LANGUAGE_STANDARD = gnu17;
				GCC_DYNAMIC_NO_PIC = NO;
				GCC_NO_COMMON_BLOCKS = YES;
				GCC_OPTIMIZATION_LEVEL = 0;
				GCC_PREPROCESSOR_DEFINITIONS = (
					"DEBUG=1",
					"$(inherited)",
				);
				GCC_WARN_64_TO_32_BIT_CONVERSION = YES;
				GCC_WARN_ABOUT_RETURN_TYPE = YES_ERROR;
				GCC_WARN_UNDECLARED_SELECTOR = YES;
				GCC_WARN_UNINITIALIZED_AUTOS = YES_AGGRESSIVE;
				GCC_WARN_UNUSED_FUNCTION = YES;
				GCC_WARN_UNUSED_VARIABLE = YES;
				IPHONEOS_DEPLOYMENT_TARGET = 17.2;
				LOCALIZATION_PREFERS_STRING_CATALOGS = YES;
				MTL_ENABLE_DEBUG_INFO = INCLUDE_SOURCE;
				MTL_FAST_MATH = YES;
				ONLY_ACTIVE_ARCH = YES;
				SDKROOT = iphoneos;
				SWIFT_ACTIVE_COMPILATION_CONDITIONS = "DEBUG $(inherited)";
				SWIFT_OPTIMIZATION_LEVEL = "-Onone";
			};
			name = Debug;
		};
		830E0D292B694B7300D7B3B0 /* Release */ = {
			isa = XCBuildConfiguration;
			buildSettings = {
				ALWAYS_SEARCH_USER_PATHS = NO;
				ASSETCATALOG_COMPILER_GENERATE_SWIFT_ASSET_SYMBOL_EXTENSIONS = YES;
				CLANG_ANALYZER_NONNULL = YES;
				CLANG_ANALYZER_NUMBER_OBJECT_CONVERSION = YES_AGGRESSIVE;
				CLANG_CXX_LANGUAGE_STANDARD = "gnu++20";
				CLANG_ENABLE_MODULES = YES;
				CLANG_ENABLE_OBJC_ARC = YES;
				CLANG_ENABLE_OBJC_WEAK = YES;
				CLANG_WARN_BLOCK_CAPTURE_AUTORELEASING = YES;
				CLANG_WARN_BOOL_CONVERSION = YES;
				CLANG_WARN_COMMA = YES;
				CLANG_WARN_CONSTANT_CONVERSION = YES;
				CLANG_WARN_DEPRECATED_OBJC_IMPLEMENTATIONS = YES;
				CLANG_WARN_DIRECT_OBJC_ISA_USAGE = YES_ERROR;
				CLANG_WARN_DOCUMENTATION_COMMENTS = YES;
				CLANG_WARN_EMPTY_BODY = YES;
				CLANG_WARN_ENUM_CONVERSION = YES;
				CLANG_WARN_INFINITE_RECURSION = YES;
				CLANG_WARN_INT_CONVERSION = YES;
				CLANG_WARN_NON_LITERAL_NULL_CONVERSION = YES;
				CLANG_WARN_OBJC_IMPLICIT_RETAIN_SELF = YES;
				CLANG_WARN_OBJC_LITERAL_CONVERSION = YES;
				CLANG_WARN_OBJC_ROOT_CLASS = YES_ERROR;
				CLANG_WARN_QUOTED_INCLUDE_IN_FRAMEWORK_HEADER = YES;
				CLANG_WARN_RANGE_LOOP_ANALYSIS = YES;
				CLANG_WARN_STRICT_PROTOTYPES = YES;
				CLANG_WARN_SUSPICIOUS_MOVE = YES;
				CLANG_WARN_UNGUARDED_AVAILABILITY = YES_AGGRESSIVE;
				CLANG_WARN_UNREACHABLE_CODE = YES;
				CLANG_WARN__DUPLICATE_METHOD_MATCH = YES;
				COPY_PHASE_STRIP = NO;
				DEBUG_INFORMATION_FORMAT = "dwarf-with-dsym";
				ENABLE_NS_ASSERTIONS = NO;
				ENABLE_STRICT_OBJC_MSGSEND = YES;
				ENABLE_USER_SCRIPT_SANDBOXING = YES;
				GCC_C_LANGUAGE_STANDARD = gnu17;
				GCC_NO_COMMON_BLOCKS = YES;
				GCC_WARN_64_TO_32_BIT_CONVERSION = YES;
				GCC_WARN_ABOUT_RETURN_TYPE = YES_ERROR;
				GCC_WARN_UNDECLARED_SELECTOR = YES;
				GCC_WARN_UNINITIALIZED_AUTOS = YES_AGGRESSIVE;
				GCC_WARN_UNUSED_FUNCTION = YES;
				GCC_WARN_UNUSED_VARIABLE = YES;
				IPHONEOS_DEPLOYMENT_TARGET = 17.2;
				LOCALIZATION_PREFERS_STRING_CATALOGS = YES;
				MTL_ENABLE_DEBUG_INFO = NO;
				MTL_FAST_MATH = YES;
				SDKROOT = iphoneos;
				SWIFT_COMPILATION_MODE = wholemodule;
				VALIDATE_PRODUCT = YES;
			};
			name = Release;
		};
		830E0D2B2B694B7300D7B3B0 /* Debug */ = {
			isa = XCBuildConfiguration;
			buildSettings = {
				ASSETCATALOG_COMPILER_APPICON_NAME = AppIcon;
				ASSETCATALOG_COMPILER_GLOBAL_ACCENT_COLOR_NAME = AccentColor;
				CODE_SIGN_STYLE = Automatic;
				CURRENT_PROJECT_VERSION = 1;
				DEVELOPMENT_TEAM = 825CNUGT6L;
				GENERATE_INFOPLIST_FILE = YES;
				INFOPLIST_FILE = QuickTasks/Info.plist;
				INFOPLIST_KEY_UIApplicationSupportsIndirectInputEvents = YES;
				INFOPLIST_KEY_UILaunchStoryboardName = LaunchScreen;
				INFOPLIST_KEY_UIMainStoryboardFile = Main;
				INFOPLIST_KEY_UISupportedInterfaceOrientations_iPad = "UIInterfaceOrientationPortrait UIInterfaceOrientationPortraitUpsideDown UIInterfaceOrientationLandscapeLeft UIInterfaceOrientationLandscapeRight";
				INFOPLIST_KEY_UISupportedInterfaceOrientations_iPhone = "UIInterfaceOrientationPortrait UIInterfaceOrientationLandscapeLeft UIInterfaceOrientationLandscapeRight";
				LD_RUNPATH_SEARCH_PATHS = (
					"$(inherited)",
					"@executable_path/Frameworks",
				);
				MARKETING_VERSION = 1.0;
				PRODUCT_BUNDLE_IDENTIFIER = "Kruti-Boghara.QuickTasks";
				PRODUCT_NAME = "$(TARGET_NAME)";
				SWIFT_EMIT_LOC_STRINGS = YES;
				SWIFT_VERSION = 5.0;
				TARGETED_DEVICE_FAMILY = "1,2";
			};
			name = Debug;
		};
		830E0D2C2B694B7300D7B3B0 /* Release */ = {
			isa = XCBuildConfiguration;
			buildSettings = {
				ASSETCATALOG_COMPILER_APPICON_NAME = AppIcon;
				ASSETCATALOG_COMPILER_GLOBAL_ACCENT_COLOR_NAME = AccentColor;
				CODE_SIGN_STYLE = Automatic;
				CURRENT_PROJECT_VERSION = 1;
				DEVELOPMENT_TEAM = 825CNUGT6L;
				GENERATE_INFOPLIST_FILE = YES;
				INFOPLIST_FILE = QuickTasks/Info.plist;
				INFOPLIST_KEY_UIApplicationSupportsIndirectInputEvents = YES;
				INFOPLIST_KEY_UILaunchStoryboardName = LaunchScreen;
				INFOPLIST_KEY_UIMainStoryboardFile = Main;
				INFOPLIST_KEY_UISupportedInterfaceOrientations_iPad = "UIInterfaceOrientationPortrait UIInterfaceOrientationPortraitUpsideDown UIInterfaceOrientationLandscapeLeft UIInterfaceOrientationLandscapeRight";
				INFOPLIST_KEY_UISupportedInterfaceOrientations_iPhone = "UIInterfaceOrientationPortrait UIInterfaceOrientationLandscapeLeft UIInterfaceOrientationLandscapeRight";
				LD_RUNPATH_SEARCH_PATHS = (
					"$(inherited)",
					"@executable_path/Frameworks",
				);
				MARKETING_VERSION = 1.0;
				PRODUCT_BUNDLE_IDENTIFIER = "Kruti-Boghara.QuickTasks";
				PRODUCT_NAME = "$(TARGET_NAME)";
				SWIFT_EMIT_LOC_STRINGS = YES;
				SWIFT_VERSION = 5.0;
				TARGETED_DEVICE_FAMILY = "1,2";
			};
			name = Release;
		};
/* End XCBuildConfiguration section */

/* Begin XCConfigurationList section */
		830E0D112B694B7100D7B3B0 /* Build configuration list for PBXProject "QuickTasks" */ = {
			isa = XCConfigurationList;
			buildConfigurations = (
				830E0D282B694B7300D7B3B0 /* Debug */,
				830E0D292B694B7300D7B3B0 /* Release */,
			);
			defaultConfigurationIsVisible = 0;
			defaultConfigurationName = Release;
		};
		830E0D2A2B694B7300D7B3B0 /* Build configuration list for PBXNativeTarget "QuickTasks" */ = {
			isa = XCConfigurationList;
			buildConfigurations = (
				830E0D2B2B694B7300D7B3B0 /* Debug */,
				830E0D2C2B694B7300D7B3B0 /* Release */,
			);
			defaultConfigurationIsVisible = 0;
			defaultConfigurationName = Release;
		};
/* End XCConfigurationList section */
	};
	rootObject = 830E0D0E2B694B7100D7B3B0 /* Project object */;
}
